version = 1

[[packages]]
name = "sendit-5ive"
version = "0.0.0"
address = "6L9sSFEaabb5yWqjcSGhfngTv7kEfMJq1vRBJgXbiEby"
bytecode_hash = "0ed3aa6c2fbada889050c8c95f27ae3fdc9629f8c168f97b424e9894468801f8"
deployed_at = "2026-02-15T05:50:33.774Z"

  [packages.exports]
  methods = [
  "update_share_card",
  "get_share_card_price",
  "get_share_card_market_cap"
]
  interfaces = [ ]
